Microsoft Visual Studio Solution File, Format Version 12.00
# Visual Studio 2012
Project("{FAE04EC0-301F-11D3-BF4B-00C04F79EFBC}") = "MIMEVA", "MIMEVA.csproj", "{8231BC38-7432-462E-900E-D9A2A272F56C}"
EndProject
Global
	GlobalSection(SolutionConfigurationPlatforms) = preSolution
	Debug|Any CPU = Debug|Any CPU
	ExportDebug|Any CPU = ExportDebug|Any CPU
	ExportRelease|Any CPU = ExportRelease|Any CPU
	EndGlobalSection
	GlobalSection(ProjectConfigurationPlatforms) = postSolution
		{8231BC38-7432-462E-900E-D9A2A272F56C}.Debug|Any CPU.ActiveCfg = Debug|Any CPU
		{8231BC38-7432-462E-900E-D9A2A272F56C}.Debug|Any CPU.Build.0 = Debug|Any CPU
		{8231BC38-7432-462E-900E-D9A2A272F56C}.ExportDebug|Any CPU.ActiveCfg = ExportDebug|Any CPU
		{8231BC38-7432-462E-900E-D9A2A272F56C}.ExportDebug|Any CPU.Build.0 = ExportDebug|Any CPU
		{8231BC38-7432-462E-900E-D9A2A272F56C}.ExportRelease|Any CPU.ActiveCfg = ExportRelease|Any CPU
		{8231BC38-7432-462E-900E-D9A2A272F56C}.ExportRelease|Any CPU.Build.0 = ExportRelease|Any CPU
	EndGlobalSection
EndGlobal
